
Microsoft Visual Studio Solution File, Format Version 12.00
# Visual Studio Version 16
VisualStudioVersion = 16.0.30621.155
MinimumVisualStudioVersion = 10.0.40219.1
Project("{FAE04EC0-301F-11D3-BF4B-00C04F79EFBC}") = "MPPIS", "MPPIS\MPPIS.csproj", "{D0F63DDF-4056-4B26-91A4-C59A5D0FB19B}"
EndProject
Global
	GlobalSection(SolutionConfigurationPlatforms) = preSolution
		Debug|Any CPU = Debug|Any CPU
		Release|Any CPU = Release|Any CPU
	EndGlobalSection
	GlobalSection(ProjectConfigurationPlatforms) = postSolution
		{D0F63DDF-4056-4B26-91A4-C59A5D0FB19B}.Debug|Any CPU.ActiveCfg = Debug|Any CPU
		{D0F63DDF-4056-4B26-91A4-C59A5D0FB19B}.Debug|Any CPU.Build.0 = Debug|Any CPU
		{D0F63DDF-4056-4B26-91A4-C59A5D0FB19B}.Release|Any CPU.ActiveCfg = Release|Any CPU
		{D0F63DDF-4056-4B26-91A4-C59A5D0FB19B}.Release|Any CPU.Build.0 = Release|Any CPU
	EndGlobalSection
	GlobalSection(SolutionProperties) = preSolution
		HideSolutionNode = FALSE
	EndGlobalSection
	GlobalSection(ExtensibilityGlobals) = postSolution
		SolutionGuid = {16180B44-C50B-4807-93F8-10A1166F5D94}
	EndGlobalSection
EndGlobal
