
Microsoft Visual Studio Solution File, Format Version 12.00
# Visual Studio Version 16
VisualStudioVersion = 16.0.30621.155
MinimumVisualStudioVersion = 10.0.40219.1
Project("{9A19103F-16F7-4668-BE54-9A1E7A4F7556}") = "MPPIS", "MPPIS\MPPIS.csproj", "{D0F63DDF-4056-4B26-91A4-C59A5D0FB19B}"
EndProject
Project("{9A19103F-16F7-4668-BE54-9A1E7A4F7556}") = "Domain", "Domain\Domain.csproj", "{27998CFD-A9A6-4301-A457-A6526107933A}"
EndProject
Project("{9A19103F-16F7-4668-BE54-9A1E7A4F7556}") = "Infrastructure", "Infrastructure\Infrastructure.csproj", "{C9ADA219-2580-401C-A8B2-DC58FD62B8DC}"
EndProject
Project("{9A19103F-16F7-4668-BE54-9A1E7A4F7556}") = "Application", "Application\Application.csproj", "{38BEBD55-130E-4742-BEF1-24CE356B3A1F}"
EndProject
Project("{2150E333-8FDC-42A3-9474-1A3956D46DE8}") = "Solution Items", "Solution Items", "{9EA8BCF4-7F53-4C66-AE6B-2F2CAE8BFD0C}"
	ProjectSection(SolutionItems) = preProject
		.editorconfig = .editorconfig
	EndProjectSection
EndProject
Global
	GlobalSection(SolutionConfigurationPlatforms) = preSolution
		Debug|Any CPU = Debug|Any CPU
		Release|Any CPU = Release|Any CPU
	EndGlobalSection
	GlobalSection(ProjectConfigurationPlatforms) = postSolution
		{D0F63DDF-4056-4B26-91A4-C59A5D0FB19B}.Debug|Any CPU.ActiveCfg = Debug|Any CPU
		{D0F63DDF-4056-4B26-91A4-C59A5D0FB19B}.Debug|Any CPU.Build.0 = Debug|Any CPU
		{D0F63DDF-4056-4B26-91A4-C59A5D0FB19B}.Release|Any CPU.ActiveCfg = Release|Any CPU
		{D0F63DDF-4056-4B26-91A4-C59A5D0FB19B}.Release|Any CPU.Build.0 = Release|Any CPU
		{27998CFD-A9A6-4301-A457-A6526107933A}.Debug|Any CPU.ActiveCfg = Debug|Any CPU
		{27998CFD-A9A6-4301-A457-A6526107933A}.Debug|Any CPU.Build.0 = Debug|Any CPU
		{27998CFD-A9A6-4301-A457-A6526107933A}.Release|Any CPU.ActiveCfg = Release|Any CPU
		{27998CFD-A9A6-4301-A457-A6526107933A}.Release|Any CPU.Build.0 = Release|Any CPU
		{C9ADA219-2580-401C-A8B2-DC58FD62B8DC}.Debug|Any CPU.ActiveCfg = Debug|Any CPU
		{C9ADA219-2580-401C-A8B2-DC58FD62B8DC}.Debug|Any CPU.Build.0 = Debug|Any CPU
		{C9ADA219-2580-401C-A8B2-DC58FD62B8DC}.Release|Any CPU.ActiveCfg = Release|Any CPU
		{C9ADA219-2580-401C-A8B2-DC58FD62B8DC}.Release|Any CPU.Build.0 = Release|Any CPU
		{38BEBD55-130E-4742-BEF1-24CE356B3A1F}.Debug|Any CPU.ActiveCfg = Debug|Any CPU
		{38BEBD55-130E-4742-BEF1-24CE356B3A1F}.Debug|Any CPU.Build.0 = Debug|Any CPU
		{38BEBD55-130E-4742-BEF1-24CE356B3A1F}.Release|Any CPU.ActiveCfg = Release|Any CPU
		{38BEBD55-130E-4742-BEF1-24CE356B3A1F}.Release|Any CPU.Build.0 = Release|Any CPU
	EndGlobalSection
	GlobalSection(SolutionProperties) = preSolution
		HideSolutionNode = FALSE
	EndGlobalSection
	GlobalSection(ExtensibilityGlobals) = postSolution
		SolutionGuid = {16180B44-C50B-4807-93F8-10A1166F5D94}
	EndGlobalSection
EndGlobal
